
Microsoft Visual Studio Solution File, Format Version 12.00
# Visual Studio Version 16
VisualStudioVersion = 16.0.30225.117
MinimumVisualStudioVersion = 10.0.40219.1
Project("{FAE04EC0-301F-11D3-BF4B-00C04F79EFBC}") = "stockstock-quote-alert", "stockstock-quote-alert\stockstock-quote-alert.csproj", "{4BA24862-C0CC-456F-A1AE-23971B6B0667}"
EndProject
Global
	GlobalSection(SolutionConfigurationPlatforms) = preSolution
		Debug|Any CPU = Debug|Any CPU
		Release|Any CPU = Release|Any CPU
	EndGlobalSection
	GlobalSection(ProjectConfigurationPlatforms) = postSolution
		{4BA24862-C0CC-456F-A1AE-23971B6B0667}.Debug|Any CPU.ActiveCfg = Debug|Any CPU
		{4BA24862-C0CC-456F-A1AE-23971B6B0667}.Debug|Any CPU.Build.0 = Debug|Any CPU
		{4BA24862-C0CC-456F-A1AE-23971B6B0667}.Release|Any CPU.ActiveCfg = Release|Any CPU
		{4BA24862-C0CC-456F-A1AE-23971B6B0667}.Release|Any CPU.Build.0 = Release|Any CPU
	EndGlobalSection
	GlobalSection(SolutionProperties) = preSolution
		HideSolutionNode = FALSE
	EndGlobalSection
	GlobalSection(ExtensibilityGlobals) = postSolution
		SolutionGuid = {C61511E1-0086-4E77-AF40-E9931FA52124}
	EndGlobalSection
EndGlobal
